// !$*UTF8*$!
{
	archiveVersion = 1;
	classes = {
	};
	objectVersion = 52;
	objects = {

/* Begin PBXBuildFile section */
		30CC631AEA92C04F13CA3463 /* Pods_MoonCat.framework in Frameworks */ = {isa = PBXBuildFile; fileRef = CBE384059984994862B6A2B2 /* Pods_MoonCat.framework */; };
		4AD5F8242391D2D500922C57 /* EventCreation_VC.swift in Sources */ = {isa = PBXBuildFile; fileRef = 4AD5F8222391D2D500922C57 /* EventCreation_VC.swift */; };
		4AD5F8252391D2D500922C57 /* EventCreationPage_VC.swift in Sources */ = {isa = PBXBuildFile; fileRef = 4AD5F8232391D2D500922C57 /* EventCreationPage_VC.swift */; };
		4AD5F8292393134B00922C57 /* EventCreationLayouts_VC.swift in Sources */ = {isa = PBXBuildFile; fileRef = 4AD5F8282393134B00922C57 /* EventCreationLayouts_VC.swift */; };
		83F4CF182377FEF900551751 /* EventInfo.swift in Sources */ = {isa = PBXBuildFile; fileRef = 83F4CF172377FEF900551751 /* EventInfo.swift */; };
		AE22F0E52378D7D7008256B4 /* X_UILabel.swift in Sources */ = {isa = PBXBuildFile; fileRef = AE22F0DE2378D7D7008256B4 /* X_UILabel.swift */; };
		AE22F0E92378D7D7008256B4 /* DevExtensions.swift in Sources */ = {isa = PBXBuildFile; fileRef = AE22F0E22378D7D7008256B4 /* DevExtensions.swift */; };
		AE22F0EB2378D7D7008256B4 /* X_UIViewController.swift in Sources */ = {isa = PBXBuildFile; fileRef = AE22F0E42378D7D7008256B4 /* X_UIViewController.swift */; };
		AE22F0FC237B72A2008256B4 /* A_VC.swift in Sources */ = {isa = PBXBuildFile; fileRef = AE22F0FB237B72A2008256B4 /* A_VC.swift */; };
		AE38149E237269F7001F9A73 /* Root_VC.swift in Sources */ = {isa = PBXBuildFile; fileRef = AE38149D237269F7001F9A73 /* Root_VC.swift */; };
		AE3814A3237269F9001F9A73 /* Assets.xcassets in Resources */ = {isa = PBXBuildFile; fileRef = AE3814A2237269F9001F9A73 /* Assets.xcassets */; };
		AE3814A6237269F9001F9A73 /* LaunchScreen.storyboard in Resources */ = {isa = PBXBuildFile; fileRef = AE3814A4237269F9001F9A73 /* LaunchScreen.storyboard */; };
		AE516F07239489AC009A61F2 /* X_Date.swift in Sources */ = {isa = PBXBuildFile; fileRef = AE516F06239489AC009A61F2 /* X_Date.swift */; };
		AE52FD23237B9A3500468DBE /* GazelleTabBar_VC.swift in Sources */ = {isa = PBXBuildFile; fileRef = AE52FD22237B9A3500468DBE /* GazelleTabBar_VC.swift */; };
		AE6F993523726A6A00533DC2 /* AppDelegate.swift in Sources */ = {isa = PBXBuildFile; fileRef = AE6F993423726A6A00533DC2 /* AppDelegate.swift */; };
		AE6F99372372C69000533DC2 /* GitWorkflow.md in Resources */ = {isa = PBXBuildFile; fileRef = AE6F99362372C69000533DC2 /* GitWorkflow.md */; };
		AE6F99392372D23900533DC2 /* StyleGuide.md in Resources */ = {isa = PBXBuildFile; fileRef = AE6F99382372D23800533DC2 /* StyleGuide.md */; };
		AE6F993B2372DAE000533DC2 /* README.md in Resources */ = {isa = PBXBuildFile; fileRef = AE6F993A2372DAE000533DC2 /* README.md */; };
		AE6F993E2372DB7100533DC2 /* Bifrost.xcframework in Frameworks */ = {isa = PBXBuildFile; fileRef = AE6F993C2372DB6500533DC2 /* Bifrost.xcframework */; };
		AE6F993F2372DB7100533DC2 /* Bifrost.xcframework in Embed Frameworks */ = {isa = PBXBuildFile; fileRef = AE6F993C2372DB6500533DC2 /* Bifrost.xcframework */; settings = {ATTRIBUTES = (CodeSignOnCopy, ); }; };
		AEB5BF49237CC6D700727337 /* PromiseKitExtensions.swift in Sources */ = {isa = PBXBuildFile; fileRef = AEB5BF48237CC6D700727337 /* PromiseKitExtensions.swift */; };
		AEB5BF4C237CC88E00727337 /* 🎟Event.swift in Sources */ = {isa = PBXBuildFile; fileRef = AEB5BF4B237CC88E00727337 /* 🎟Event.swift */; };
		AEF7DF03238CC35700C1BFF1 /* TabBar_VC.swift in Sources */ = {isa = PBXBuildFile; fileRef = AEF7DF02238CC35700C1BFF1 /* TabBar_VC.swift */; };
		AEF7DF05238CC36300C1BFF1 /* Tab.swift in Sources */ = {isa = PBXBuildFile; fileRef = AEF7DF04238CC36300C1BFF1 /* Tab.swift */; };
		AEF7DF07238CC37500C1BFF1 /* TabConfig.swift in Sources */ = {isa = PBXBuildFile; fileRef = AEF7DF06238CC37400C1BFF1 /* TabConfig.swift */; };
		AEF7DF0B238CC3CF00C1BFF1 /* TabLayoutStyle.swift in Sources */ = {isa = PBXBuildFile; fileRef = AEF7DF0A238CC3CF00C1BFF1 /* TabLayoutStyle.swift */; };
		AEF7DF0D238CC3DA00C1BFF1 /* TabTransitionStyle.swift in Sources */ = {isa = PBXBuildFile; fileRef = AEF7DF0C238CC3DA00C1BFF1 /* TabTransitionStyle.swift */; };
		AEF7DF0F238CC40900C1BFF1 /* X_UIView.swift in Sources */ = {isa = PBXBuildFile; fileRef = AEF7DF0E238CC40900C1BFF1 /* X_UIView.swift */; };
		AEF7DF12238CC57C00C1BFF1 /* SegmentedBar.swift in Sources */ = {isa = PBXBuildFile; fileRef = AEF7DF11238CC57C00C1BFF1 /* SegmentedBar.swift */; };
		AEF7DF16238CC8A100C1BFF1 /* Playground_VC.swift in Sources */ = {isa = PBXBuildFile; fileRef = AEF7DF15238CC8A100C1BFF1 /* Playground_VC.swift */; };
		AEF7DF18238CD4DE00C1BFF1 /* Events_TVC.swift in Sources */ = {isa = PBXBuildFile; fileRef = AEF7DF17238CD4DE00C1BFF1 /* Events_TVC.swift */; };
		AEF7DF1A238CD54A00C1BFF1 /* Cell.swift in Sources */ = {isa = PBXBuildFile; fileRef = AEF7DF19238CD54A00C1BFF1 /* Cell.swift */; };
		AEF7DF1F238CE42700C1BFF1 /* proxima-nova-regular.ttf in Resources */ = {isa = PBXBuildFile; fileRef = AEF7DF1E238CE42700C1BFF1 /* proxima-nova-regular.ttf */; };
		AEF7DF21238CE48700C1BFF1 /* proxima-nova-semibold.ttf in Resources */ = {isa = PBXBuildFile; fileRef = AEF7DF20238CE48700C1BFF1 /* proxima-nova-semibold.ttf */; };
		AEF7DF2D238F964900C1BFF1 /* Event.swift in Sources */ = {isa = PBXBuildFile; fileRef = AEF7DF2C238F964900C1BFF1 /* Event.swift */; };
		AEF7DF33238F9B4D00C1BFF1 /* Tag.swift in Sources */ = {isa = PBXBuildFile; fileRef = AEF7DF32238F9B4D00C1BFF1 /* Tag.swift */; };
		AEF7DF35238F9D5200C1BFF1 /* ref1@2x.png in Resources */ = {isa = PBXBuildFile; fileRef = AEF7DF34238F9D5200C1BFF1 /* ref1@2x.png */; };
		AEF7DF3723907F8E00C1BFF1 /* Header.swift in Sources */ = {isa = PBXBuildFile; fileRef = AEF7DF3623907F8E00C1BFF1 /* Header.swift */; };
		AEF7DF39239084DF00C1BFF1 /* BlurView.swift in Sources */ = {isa = PBXBuildFile; fileRef = AEF7DF38239084DF00C1BFF1 /* BlurView.swift */; };
		AEF7DF3D2390BE8E00C1BFF1 /* AllEvents_VC.swift in Sources */ = {isa = PBXBuildFile; fileRef = AEF7DF3C2390BE8E00C1BFF1 /* AllEvents_VC.swift */; };
		AEF7DF3F2390BEA400C1BFF1 /* YourEvents_VC.swift in Sources */ = {isa = PBXBuildFile; fileRef = AEF7DF3E2390BEA400C1BFF1 /* YourEvents_VC.swift */; };
		AEF7DF412390BF1E00C1BFF1 /* Displaying.swift in Sources */ = {isa = PBXBuildFile; fileRef = AEF7DF402390BF1E00C1BFF1 /* Displaying.swift */; };
		AEF7DF43239226DE00C1BFF1 /* 🎟AllEvents.swift in Sources */ = {isa = PBXBuildFile; fileRef = AEF7DF42239226DE00C1BFF1 /* 🎟AllEvents.swift */; };
		AEF7DF45239226EF00C1BFF1 /* 🎟YourEvents.swift in Sources */ = {isa = PBXBuildFile; fileRef = AEF7DF44239226EF00C1BFF1 /* 🎟YourEvents.swift */; };
		AEF7DF4723922FB200C1BFF1 /* 🎟Join.swift in Sources */ = {isa = PBXBuildFile; fileRef = AEF7DF4623922FB200C1BFF1 /* 🎟Join.swift */; };
		AEF7DF4923922FC000C1BFF1 /* 🎟Leave.swift in Sources */ = {isa = PBXBuildFile; fileRef = AEF7DF4823922FC000C1BFF1 /* 🎟Leave.swift */; };
		AEF7DF4B2392396A00C1BFF1 /* CircularLoader.swift in Sources */ = {isa = PBXBuildFile; fileRef = AEF7DF4A2392396A00C1BFF1 /* CircularLoader.swift */; };
		AEF7DF512393315200C1BFF1 /* User.swift in Sources */ = {isa = PBXBuildFile; fileRef = AEF7DF502393315200C1BFF1 /* User.swift */; };
		B3DDA131237D21BA000C20EA /* AutoComplete_VC.swift in Sources */ = {isa = PBXBuildFile; fileRef = B3DDA130237D21BA000C20EA /* AutoComplete_VC.swift */; };
		B3E9C6BA2393C27E00CEEAF7 /* ProfileGroup.swift in Sources */ = {isa = PBXBuildFile; fileRef = B3E9C6B82393C27E00CEEAF7 /* ProfileGroup.swift */; };
		B3E9C6BB2393C27E00CEEAF7 /* Playground2_VC.swift in Sources */ = {isa = PBXBuildFile; fileRef = B3E9C6B92393C27E00CEEAF7 /* Playground2_VC.swift */; };
/* End PBXBuildFile section */

/* Begin PBXCopyFilesBuildPhase section */
		AE6F99402372DB7100533DC2 /* Embed Frameworks */ = {
			isa = PBXCopyFilesBuildPhase;
			buildActionMask = 2147483647;
			dstPath = "";
			dstSubfolderSpec = 10;
			files = (
				AE6F993F2372DB7100533DC2 /* Bifrost.xcframework in Embed Frameworks */,
			);
			name = "Embed Frameworks";
			runOnlyForDeploymentPostprocessing = 0;
		};
/* End PBXCopyFilesBuildPhase section */

/* Begin PBXFileReference section */
		4AD5F8222391D2D500922C57 /* EventCreation_VC.swift */ = {isa = PBXFileReference; fileEncoding = 4; lastKnownFileType = sourcecode.swift; path = EventCreation_VC.swift; sourceTree = "<group>"; };
		4AD5F8232391D2D500922C57 /* EventCreationPage_VC.swift */ = {isa = PBXFileReference; fileEncoding = 4; lastKnownFileType = sourcecode.swift; path = EventCreationPage_VC.swift; sourceTree = "<group>"; };
		4AD5F8282393134B00922C57 /* EventCreationLayouts_VC.swift */ = {isa = PBXFileReference; lastKnownFileType = sourcecode.swift; path = EventCreationLayouts_VC.swift; sourceTree = "<group>"; };
		7246F606AF6640AB0E16373B /* Pods-MoonCat.release.xcconfig */ = {isa = PBXFileReference; includeInIndex = 1; lastKnownFileType = text.xcconfig; name = "Pods-MoonCat.release.xcconfig"; path = "Target Support Files/Pods-MoonCat/Pods-MoonCat.release.xcconfig"; sourceTree = "<group>"; };
		83F4CF172377FEF900551751 /* EventInfo.swift */ = {isa = PBXFileReference; lastKnownFileType = sourcecode.swift; path = EventInfo.swift; sourceTree = "<group>"; };
		AE22F0DE2378D7D7008256B4 /* X_UILabel.swift */ = {isa = PBXFileReference; fileEncoding = 4; lastKnownFileType = sourcecode.swift; path = X_UILabel.swift; sourceTree = "<group>"; };
		AE22F0E22378D7D7008256B4 /* DevExtensions.swift */ = {isa = PBXFileReference; fileEncoding = 4; lastKnownFileType = sourcecode.swift; path = DevExtensions.swift; sourceTree = "<group>"; };
		AE22F0E42378D7D7008256B4 /* X_UIViewController.swift */ = {isa = PBXFileReference; fileEncoding = 4; lastKnownFileType = sourcecode.swift; path = X_UIViewController.swift; sourceTree = "<group>"; };
		AE22F0FB237B72A2008256B4 /* A_VC.swift */ = {isa = PBXFileReference; lastKnownFileType = sourcecode.swift; path = A_VC.swift; sourceTree = "<group>"; };
		AE381496237269F7001F9A73 /* MoonCat.app */ = {isa = PBXFileReference; explicitFileType = wrapper.application; includeInIndex = 0; path = MoonCat.app; sourceTree = BUILT_PRODUCTS_DIR; };
		AE38149D237269F7001F9A73 /* Root_VC.swift */ = {isa = PBXFileReference; lastKnownFileType = sourcecode.swift; path = Root_VC.swift; sourceTree = "<group>"; };
		AE3814A2237269F9001F9A73 /* Assets.xcassets */ = {isa = PBXFileReference; lastKnownFileType = folder.assetcatalog; path = Assets.xcassets; sourceTree = "<group>"; };
		AE3814A5237269F9001F9A73 /* Base */ = {isa = PBXFileReference; lastKnownFileType = file.storyboard; name = Base; path = Base.lproj/LaunchScreen.storyboard; sourceTree = "<group>"; };
		AE3814A7237269F9001F9A73 /* Info.plist */ = {isa = PBXFileReference; lastKnownFileType = text.plist.xml; path = Info.plist; sourceTree = "<group>"; };
		AE516F06239489AC009A61F2 /* X_Date.swift */ = {isa = PBXFileReference; fileEncoding = 4; lastKnownFileType = sourcecode.swift; path = X_Date.swift; sourceTree = "<group>"; };
		AE52FD22237B9A3500468DBE /* GazelleTabBar_VC.swift */ = {isa = PBXFileReference; lastKnownFileType = sourcecode.swift; path = GazelleTabBar_VC.swift; sourceTree = "<group>"; };
		AE6F993423726A6A00533DC2 /* AppDelegate.swift */ = {isa = PBXFileReference; fileEncoding = 4; lastKnownFileType = sourcecode.swift; path = AppDelegate.swift; sourceTree = "<group>"; };
		AE6F99362372C69000533DC2 /* GitWorkflow.md */ = {isa = PBXFileReference; fileEncoding = 4; lastKnownFileType = net.daringfireball.markdown; path = GitWorkflow.md; sourceTree = "<group>"; };
		AE6F99382372D23800533DC2 /* StyleGuide.md */ = {isa = PBXFileReference; fileEncoding = 4; lastKnownFileType = net.daringfireball.markdown; path = StyleGuide.md; sourceTree = "<group>"; };
		AE6F993A2372DAE000533DC2 /* README.md */ = {isa = PBXFileReference; fileEncoding = 4; lastKnownFileType = net.daringfireball.markdown; path = README.md; sourceTree = "<group>"; };
		AE6F993C2372DB6500533DC2 /* Bifrost.xcframework */ = {isa = PBXFileReference; lastKnownFileType = wrapper.xcframework; path = Bifrost.xcframework; sourceTree = "<group>"; };
		AEB5BF48237CC6D700727337 /* PromiseKitExtensions.swift */ = {isa = PBXFileReference; fileEncoding = 4; lastKnownFileType = sourcecode.swift; path = PromiseKitExtensions.swift; sourceTree = "<group>"; };
		AEB5BF4B237CC88E00727337 /* 🎟Event.swift */ = {isa = PBXFileReference; lastKnownFileType = sourcecode.swift; path = "🎟Event.swift"; sourceTree = "<group>"; };
		AEF7DF02238CC35700C1BFF1 /* TabBar_VC.swift */ = {isa = PBXFileReference; fileEncoding = 4; lastKnownFileType = sourcecode.swift; path = TabBar_VC.swift; sourceTree = "<group>"; };
		AEF7DF04238CC36300C1BFF1 /* Tab.swift */ = {isa = PBXFileReference; fileEncoding = 4; lastKnownFileType = sourcecode.swift; path = Tab.swift; sourceTree = "<group>"; };
		AEF7DF06238CC37400C1BFF1 /* TabConfig.swift */ = {isa = PBXFileReference; fileEncoding = 4; lastKnownFileType = sourcecode.swift; path = TabConfig.swift; sourceTree = "<group>"; };
		AEF7DF0A238CC3CF00C1BFF1 /* TabLayoutStyle.swift */ = {isa = PBXFileReference; fileEncoding = 4; lastKnownFileType = sourcecode.swift; path = TabLayoutStyle.swift; sourceTree = "<group>"; };
		AEF7DF0C238CC3DA00C1BFF1 /* TabTransitionStyle.swift */ = {isa = PBXFileReference; fileEncoding = 4; lastKnownFileType = sourcecode.swift; path = TabTransitionStyle.swift; sourceTree = "<group>"; };
		AEF7DF0E238CC40900C1BFF1 /* X_UIView.swift */ = {isa = PBXFileReference; fileEncoding = 4; lastKnownFileType = sourcecode.swift; path = X_UIView.swift; sourceTree = "<group>"; };
		AEF7DF11238CC57C00C1BFF1 /* SegmentedBar.swift */ = {isa = PBXFileReference; lastKnownFileType = sourcecode.swift; path = SegmentedBar.swift; sourceTree = "<group>"; };
		AEF7DF15238CC8A100C1BFF1 /* Playground_VC.swift */ = {isa = PBXFileReference; lastKnownFileType = sourcecode.swift; path = Playground_VC.swift; sourceTree = "<group>"; };
		AEF7DF17238CD4DE00C1BFF1 /* Events_TVC.swift */ = {isa = PBXFileReference; lastKnownFileType = sourcecode.swift; path = Events_TVC.swift; sourceTree = "<group>"; };
		AEF7DF19238CD54A00C1BFF1 /* Cell.swift */ = {isa = PBXFileReference; lastKnownFileType = sourcecode.swift; path = Cell.swift; sourceTree = "<group>"; };
		AEF7DF1E238CE42700C1BFF1 /* proxima-nova-regular.ttf */ = {isa = PBXFileReference; lastKnownFileType = file; path = "proxima-nova-regular.ttf"; sourceTree = "<group>"; };
		AEF7DF20238CE48700C1BFF1 /* proxima-nova-semibold.ttf */ = {isa = PBXFileReference; lastKnownFileType = file; path = "proxima-nova-semibold.ttf"; sourceTree = "<group>"; };
		AEF7DF2C238F964900C1BFF1 /* Event.swift */ = {isa = PBXFileReference; lastKnownFileType = sourcecode.swift; path = Event.swift; sourceTree = "<group>"; };
		AEF7DF32238F9B4D00C1BFF1 /* Tag.swift */ = {isa = PBXFileReference; lastKnownFileType = sourcecode.swift; path = Tag.swift; sourceTree = "<group>"; };
		AEF7DF34238F9D5200C1BFF1 /* ref1@2x.png */ = {isa = PBXFileReference; lastKnownFileType = image.png; path = "ref1@2x.png"; sourceTree = "<group>"; };
		AEF7DF3623907F8E00C1BFF1 /* Header.swift */ = {isa = PBXFileReference; lastKnownFileType = sourcecode.swift; path = Header.swift; sourceTree = "<group>"; };
		AEF7DF38239084DF00C1BFF1 /* BlurView.swift */ = {isa = PBXFileReference; fileEncoding = 4; lastKnownFileType = sourcecode.swift; path = BlurView.swift; sourceTree = "<group>"; };
		AEF7DF3C2390BE8E00C1BFF1 /* AllEvents_VC.swift */ = {isa = PBXFileReference; lastKnownFileType = sourcecode.swift; path = AllEvents_VC.swift; sourceTree = "<group>"; };
		AEF7DF3E2390BEA400C1BFF1 /* YourEvents_VC.swift */ = {isa = PBXFileReference; lastKnownFileType = sourcecode.swift; path = YourEvents_VC.swift; sourceTree = "<group>"; };
		AEF7DF402390BF1E00C1BFF1 /* Displaying.swift */ = {isa = PBXFileReference; lastKnownFileType = sourcecode.swift; path = Displaying.swift; sourceTree = "<group>"; };
		AEF7DF42239226DE00C1BFF1 /* 🎟AllEvents.swift */ = {isa = PBXFileReference; lastKnownFileType = sourcecode.swift; path = "🎟AllEvents.swift"; sourceTree = "<group>"; };
		AEF7DF44239226EF00C1BFF1 /* 🎟YourEvents.swift */ = {isa = PBXFileReference; lastKnownFileType = sourcecode.swift; path = "🎟YourEvents.swift"; sourceTree = "<group>"; };
		AEF7DF4623922FB200C1BFF1 /* 🎟Join.swift */ = {isa = PBXFileReference; lastKnownFileType = sourcecode.swift; path = "🎟Join.swift"; sourceTree = "<group>"; };
		AEF7DF4823922FC000C1BFF1 /* 🎟Leave.swift */ = {isa = PBXFileReference; lastKnownFileType = sourcecode.swift; path = "🎟Leave.swift"; sourceTree = "<group>"; };
		AEF7DF4A2392396A00C1BFF1 /* CircularLoader.swift */ = {isa = PBXFileReference; fileEncoding = 4; lastKnownFileType = sourcecode.swift; path = CircularLoader.swift; sourceTree = "<group>"; };
		AEF7DF502393315200C1BFF1 /* User.swift */ = {isa = PBXFileReference; lastKnownFileType = sourcecode.swift; path = User.swift; sourceTree = "<group>"; };
		B24AF53C344CB3394E946627 /* Pods-MoonCat.debug.xcconfig */ = {isa = PBXFileReference; includeInIndex = 1; lastKnownFileType = text.xcconfig; name = "Pods-MoonCat.debug.xcconfig"; path = "Target Support Files/Pods-MoonCat/Pods-MoonCat.debug.xcconfig"; sourceTree = "<group>"; };
		B3DDA130237D21BA000C20EA /* AutoComplete_VC.swift */ = {isa = PBXFileReference; fileEncoding = 4; lastKnownFileType = sourcecode.swift; path = AutoComplete_VC.swift; sourceTree = "<group>"; };
		B3E9C6B82393C27E00CEEAF7 /* ProfileGroup.swift */ = {isa = PBXFileReference; fileEncoding = 4; lastKnownFileType = sourcecode.swift; path = ProfileGroup.swift; sourceTree = "<group>"; };
		B3E9C6B92393C27E00CEEAF7 /* Playground2_VC.swift */ = {isa = PBXFileReference; fileEncoding = 4; lastKnownFileType = sourcecode.swift; path = Playground2_VC.swift; sourceTree = "<group>"; };
		CBE384059984994862B6A2B2 /* Pods_MoonCat.framework */ = {isa = PBXFileReference; explicitFileType = wrapper.framework; includeInIndex = 0; path = Pods_MoonCat.framework; sourceTree = BUILT_PRODUCTS_DIR; };
/* End PBXFileReference section */

/* Begin PBXFrameworksBuildPhase section */
		AE381493237269F7001F9A73 /* Frameworks */ = {
			isa = PBXFrameworksBuildPhase;
			buildActionMask = 2147483647;
			files = (
				AE6F993E2372DB7100533DC2 /* Bifrost.xcframework in Frameworks */,
				30CC631AEA92C04F13CA3463 /* Pods_MoonCat.framework in Frameworks */,
			);
			runOnlyForDeploymentPostprocessing = 0;
		};
/* End PBXFrameworksBuildPhase section */

/* Begin PBXGroup section */
		6EA4AAF75236094AC62DC797 /* Pods */ = {
			isa = PBXGroup;
			children = (
				B24AF53C344CB3394E946627 /* Pods-MoonCat.debug.xcconfig */,
				7246F606AF6640AB0E16373B /* Pods-MoonCat.release.xcconfig */,
			);
			path = Pods;
			sourceTree = "<group>";
		};
		AE22F0BD23779198008256B4 /* Components */ = {
			isa = PBXGroup;
			children = (
				AEF7DF4A2392396A00C1BFF1 /* CircularLoader.swift */,
				AEF7DF32238F9B4D00C1BFF1 /* Tag.swift */,
				AEF7DF38239084DF00C1BFF1 /* BlurView.swift */,
				AEF7DF11238CC57C00C1BFF1 /* SegmentedBar.swift */,
				AE22F0BE237791A2008256B4 /* TabBar */,
			);
			path = Components;
			sourceTree = "<group>";
		};
		AE22F0BE237791A2008256B4 /* TabBar */ = {
			isa = PBXGroup;
			children = (
				AEF7DF02238CC35700C1BFF1 /* TabBar_VC.swift */,
				AEF7DF04238CC36300C1BFF1 /* Tab.swift */,
				AEF7DF06238CC37400C1BFF1 /* TabConfig.swift */,
				AEF7DF0A238CC3CF00C1BFF1 /* TabLayoutStyle.swift */,
				AEF7DF0C238CC3DA00C1BFF1 /* TabTransitionStyle.swift */,
				AE52FD22237B9A3500468DBE /* GazelleTabBar_VC.swift */,
			);
			path = TabBar;
			sourceTree = "<group>";
		};
		AE22F0DD2378D7D7008256B4 /* Extensions */ = {
			isa = PBXGroup;
			children = (
				AE22F0E22378D7D7008256B4 /* DevExtensions.swift */,
				AEB5BF48237CC6D700727337 /* PromiseKitExtensions.swift */,
				AE22F0DE2378D7D7008256B4 /* X_UILabel.swift */,
				AE516F06239489AC009A61F2 /* X_Date.swift */,
				AEF7DF0E238CC40900C1BFF1 /* X_UIView.swift */,
				AE22F0E42378D7D7008256B4 /* X_UIViewController.swift */,
			);
			path = Extensions;
			sourceTree = "<group>";
		};
		AE38148D237269F7001F9A73 = {
			isa = PBXGroup;
			children = (
				AE6F993C2372DB6500533DC2 /* Bifrost.xcframework */,
				AE381498237269F7001F9A73 /* MoonCat */,
				AE6F99362372C69000533DC2 /* GitWorkflow.md */,
				AE6F99382372D23800533DC2 /* StyleGuide.md */,
				AE6F993A2372DAE000533DC2 /* README.md */,
				AE381497237269F7001F9A73 /* Products */,
				6EA4AAF75236094AC62DC797 /* Pods */,
				C1BFA7FF9555A1A9DD1C6B94 /* Frameworks */,
			);
			sourceTree = "<group>";
		};
		AE381497237269F7001F9A73 /* Products */ = {
			isa = PBXGroup;
			children = (
				AE381496237269F7001F9A73 /* MoonCat.app */,
			);
			name = Products;
			sourceTree = "<group>";
		};
		AE381498237269F7001F9A73 /* MoonCat */ = {
			isa = PBXGroup;
			children = (
				AE6F993423726A6A00533DC2 /* AppDelegate.swift */,
				AEF7DF502393315200C1BFF1 /* User.swift */,
				83F4CF172377FEF900551751 /* EventInfo.swift */,
				AEF7DF3C2390BE8E00C1BFF1 /* AllEvents_VC.swift */,
				AEF7DF3E2390BEA400C1BFF1 /* YourEvents_VC.swift */,
				AEF7DF2C238F964900C1BFF1 /* Event.swift */,
				B3E9C6B92393C27E00CEEAF7 /* Playground2_VC.swift */,
				B3E9C6B82393C27E00CEEAF7 /* ProfileGroup.swift */,
				AEF7DF402390BF1E00C1BFF1 /* Displaying.swift */,
				AE38149D237269F7001F9A73 /* Root_VC.swift */,
				4AD5F8222391D2D500922C57 /* EventCreation_VC.swift */,
				4AD5F8232391D2D500922C57 /* EventCreationPage_VC.swift */,
				4AD5F8282393134B00922C57 /* EventCreationLayouts_VC.swift */,
				AEF7DF34238F9D5200C1BFF1 /* ref1@2x.png */,
				AEF7DF1E238CE42700C1BFF1 /* proxima-nova-regular.ttf */,
				AEF7DF20238CE48700C1BFF1 /* proxima-nova-semibold.ttf */,
				B3DDA130237D21BA000C20EA /* AutoComplete_VC.swift */,
				AEF7DF17238CD4DE00C1BFF1 /* Events_TVC.swift */,
				AEF7DF19238CD54A00C1BFF1 /* Cell.swift */,
				AEF7DF3623907F8E00C1BFF1 /* Header.swift */,
				AEF7DF15238CC8A100C1BFF1 /* Playground_VC.swift */,
				AE22F0FB237B72A2008256B4 /* A_VC.swift */,
				AE3814A2237269F9001F9A73 /* Assets.xcassets */,
				AEB5BF4A237CC74D00727337 /* DarkThunder */,
				AE22F0DD2378D7D7008256B4 /* Extensions */,
				AE22F0BD23779198008256B4 /* Components */,
				AE3814A4237269F9001F9A73 /* LaunchScreen.storyboard */,
				AE3814A7237269F9001F9A73 /* Info.plist */,
			);
			path = MoonCat;
			sourceTree = "<group>";
		};
		AEB5BF4A237CC74D00727337 /* DarkThunder */ = {
			isa = PBXGroup;
			children = (
				AEB5BF4B237CC88E00727337 /* 🎟Event.swift */,
				AEF7DF42239226DE00C1BFF1 /* 🎟AllEvents.swift */,
				AEF7DF44239226EF00C1BFF1 /* 🎟YourEvents.swift */,
				AEF7DF4623922FB200C1BFF1 /* 🎟Join.swift */,
				AEF7DF4823922FC000C1BFF1 /* 🎟Leave.swift */,
			);
			path = DarkThunder;
			sourceTree = "<group>";
		};
		C1BFA7FF9555A1A9DD1C6B94 /* Frameworks */ = {
			isa = PBXGroup;
			children = (
				CBE384059984994862B6A2B2 /* Pods_MoonCat.framework */,
			);
			name = Frameworks;
			sourceTree = "<group>";
		};
/* End PBXGroup section */

/* Begin PBXNativeTarget section */
		AE381495237269F7001F9A73 /* MoonCat */ = {
			isa = PBXNativeTarget;
			buildConfigurationList = AE3814AA237269F9001F9A73 /* Build configuration list for PBXNativeTarget "MoonCat" */;
			buildPhases = (
				A95617BE3AC4FC72061C8EAF /* [CP] Check Pods Manifest.lock */,
				AE381492237269F7001F9A73 /* Sources */,
				AE381493237269F7001F9A73 /* Frameworks */,
				AE381494237269F7001F9A73 /* Resources */,
				AE6F99402372DB7100533DC2 /* Embed Frameworks */,
				46D483B6987FC8C48F453223 /* [CP] Embed Pods Frameworks */,
				7CD7341D18B9E66E8F747690 /* [CP] Copy Pods Resources */,
			);
			buildRules = (
			);
			dependencies = (
			);
			name = MoonCat;
			productName = MoonCat;
			productReference = AE381496237269F7001F9A73 /* MoonCat.app */;
			productType = "com.apple.product-type.application";
		};
/* End PBXNativeTarget section */

/* Begin PBXProject section */
		AE38148E237269F7001F9A73 /* Project object */ = {
			isa = PBXProject;
			attributes = {
				LastSwiftUpdateCheck = 1120;
				LastUpgradeCheck = 1120;
				ORGANIZATIONNAME = Bolusaur;
				TargetAttributes = {
					AE381495237269F7001F9A73 = {
						CreatedOnToolsVersion = 11.2;
					};
				};
			};
			buildConfigurationList = AE381491237269F7001F9A73 /* Build configuration list for PBXProject "MoonCat" */;
			compatibilityVersion = "Xcode 9.3";
			developmentRegion = en;
			hasScannedForEncodings = 0;
			knownRegions = (
				en,
				Base,
			);
			mainGroup = AE38148D237269F7001F9A73;
			productRefGroup = AE381497237269F7001F9A73 /* Products */;
			projectDirPath = "";
			projectRoot = "";
			targets = (
				AE381495237269F7001F9A73 /* MoonCat */,
			);
		};
/* End PBXProject section */

/* Begin PBXResourcesBuildPhase section */
		AE381494237269F7001F9A73 /* Resources */ = {
			isa = PBXResourcesBuildPhase;
			buildActionMask = 2147483647;
			files = (
				AE6F99372372C69000533DC2 /* GitWorkflow.md in Resources */,
				AEF7DF21238CE48700C1BFF1 /* proxima-nova-semibold.ttf in Resources */,
				AEF7DF35238F9D5200C1BFF1 /* ref1@2x.png in Resources */,
				AE3814A6237269F9001F9A73 /* LaunchScreen.storyboard in Resources */,
				AE6F993B2372DAE000533DC2 /* README.md in Resources */,
				AEF7DF1F238CE42700C1BFF1 /* proxima-nova-regular.ttf in Resources */,
				AE3814A3237269F9001F9A73 /* Assets.xcassets in Resources */,
				AE6F99392372D23900533DC2 /* StyleGuide.md in Resources */,
			);
			runOnlyForDeploymentPostprocessing = 0;
		};
/* End PBXResourcesBuildPhase section */

/* Begin PBXShellScriptBuildPhase section */
		46D483B6987FC8C48F453223 /* [CP] Embed Pods Frameworks */ = {
			isa = PBXShellScriptBuildPhase;
			buildActionMask = 2147483647;
			files = (
			);
			inputFileListPaths = (
				"${PODS_ROOT}/Target Support Files/Pods-MoonCat/Pods-MoonCat-frameworks-${CONFIGURATION}-input-files.xcfilelist",
			);
			name = "[CP] Embed Pods Frameworks";
			outputFileListPaths = (
				"${PODS_ROOT}/Target Support Files/Pods-MoonCat/Pods-MoonCat-frameworks-${CONFIGURATION}-output-files.xcfilelist",
			);
			runOnlyForDeploymentPostprocessing = 0;
			shellPath = /bin/sh;
			shellScript = "\"${PODS_ROOT}/Target Support Files/Pods-MoonCat/Pods-MoonCat-frameworks.sh\"\n";
			showEnvVarsInLog = 0;
		};
		7CD7341D18B9E66E8F747690 /* [CP] Copy Pods Resources */ = {
			isa = PBXShellScriptBuildPhase;
			buildActionMask = 2147483647;
			files = (
			);
			inputFileListPaths = (
				"${PODS_ROOT}/Target Support Files/Pods-MoonCat/Pods-MoonCat-resources-${CONFIGURATION}-input-files.xcfilelist",
			);
			name = "[CP] Copy Pods Resources";
			outputFileListPaths = (
				"${PODS_ROOT}/Target Support Files/Pods-MoonCat/Pods-MoonCat-resources-${CONFIGURATION}-output-files.xcfilelist",
			);
			runOnlyForDeploymentPostprocessing = 0;
			shellPath = /bin/sh;
			shellScript = "\"${PODS_ROOT}/Target Support Files/Pods-MoonCat/Pods-MoonCat-resources.sh\"\n";
			showEnvVarsInLog = 0;
		};
		A95617BE3AC4FC72061C8EAF /* [CP] Check Pods Manifest.lock */ = {
			isa = PBXShellScriptBuildPhase;
			buildActionMask = 2147483647;
			files = (
			);
			inputFileListPaths = (
			);
			inputPaths = (
				"${PODS_PODFILE_DIR_PATH}/Podfile.lock",
				"${PODS_ROOT}/Manifest.lock",
			);
			name = "[CP] Check Pods Manifest.lock";
			outputFileListPaths = (
			);
			outputPaths = (
				"$(DERIVED_FILE_DIR)/Pods-MoonCat-checkManifestLockResult.txt",
			);
			runOnlyForDeploymentPostprocessing = 0;
			shellPath = /bin/sh;
			shellScript = "diff \"${PODS_PODFILE_DIR_PATH}/Podfile.lock\" \"${PODS_ROOT}/Manifest.lock\" > /dev/null\nif [ $? != 0 ] ; then\n    # print error to STDERR\n    echo \"error: The sandbox is not in sync with the Podfile.lock. Run 'pod install' or update your CocoaPods installation.\" >&2\n    exit 1\nfi\n# This output is used by Xcode 'outputs' to avoid re-running this script phase.\necho \"SUCCESS\" > \"${SCRIPT_OUTPUT_FILE_0}\"\n";
			showEnvVarsInLog = 0;
		};
/* End PBXShellScriptBuildPhase section */

/* Begin PBXSourcesBuildPhase section */
		AE381492237269F7001F9A73 /* Sources */ = {
			isa = PBXSourcesBuildPhase;
			buildActionMask = 2147483647;
			files = (
				AE516F07239489AC009A61F2 /* X_Date.swift in Sources */,
				AEF7DF33238F9B4D00C1BFF1 /* Tag.swift in Sources */,
				B3E9C6BB2393C27E00CEEAF7 /* Playground2_VC.swift in Sources */,
				B3DDA131237D21BA000C20EA /* AutoComplete_VC.swift in Sources */,
				83F4CF182377FEF900551751 /* EventInfo.swift in Sources */,
				AEF7DF4923922FC000C1BFF1 /* 🎟Leave.swift in Sources */,
				AEF7DF3F2390BEA400C1BFF1 /* YourEvents_VC.swift in Sources */,
				AEF7DF412390BF1E00C1BFF1 /* Displaying.swift in Sources */,
				AEF7DF05238CC36300C1BFF1 /* Tab.swift in Sources */,
				AEF7DF1A238CD54A00C1BFF1 /* Cell.swift in Sources */,
				AEB5BF49237CC6D700727337 /* PromiseKitExtensions.swift in Sources */,
				AEF7DF45239226EF00C1BFF1 /* 🎟YourEvents.swift in Sources */,
				AEF7DF12238CC57C00C1BFF1 /* SegmentedBar.swift in Sources */,
				AEF7DF18238CD4DE00C1BFF1 /* Events_TVC.swift in Sources */,
				AEF7DF16238CC8A100C1BFF1 /* Playground_VC.swift in Sources */,
				AEF7DF0B238CC3CF00C1BFF1 /* TabLayoutStyle.swift in Sources */,
				AEF7DF39239084DF00C1BFF1 /* BlurView.swift in Sources */,
				AE52FD23237B9A3500468DBE /* GazelleTabBar_VC.swift in Sources */,
				AEF7DF4B2392396A00C1BFF1 /* CircularLoader.swift in Sources */,
				AEF7DF07238CC37500C1BFF1 /* TabConfig.swift in Sources */,
				AEF7DF43239226DE00C1BFF1 /* 🎟AllEvents.swift in Sources */,
				AE22F0FC237B72A2008256B4 /* A_VC.swift in Sources */,
				4AD5F8292393134B00922C57 /* EventCreationLayouts_VC.swift in Sources */,
				4AD5F8242391D2D500922C57 /* EventCreation_VC.swift in Sources */,
				AEF7DF4723922FB200C1BFF1 /* 🎟Join.swift in Sources */,
				AE6F993523726A6A00533DC2 /* AppDelegate.swift in Sources */,
				AEF7DF2D238F964900C1BFF1 /* Event.swift in Sources */,
				AEF7DF3D2390BE8E00C1BFF1 /* AllEvents_VC.swift in Sources */,
				AEF7DF3723907F8E00C1BFF1 /* Header.swift in Sources */,
				AE22F0E92378D7D7008256B4 /* DevExtensions.swift in Sources */,
				AEF7DF0D238CC3DA00C1BFF1 /* TabTransitionStyle.swift in Sources */,
				B3E9C6BA2393C27E00CEEAF7 /* ProfileGroup.swift in Sources */,
				AEB5BF4C237CC88E00727337 /* 🎟Event.swift in Sources */,
				AE38149E237269F7001F9A73 /* Root_VC.swift in Sources */,
				4AD5F8252391D2D500922C57 /* EventCreationPage_VC.swift in Sources */,
				AE22F0E52378D7D7008256B4 /* X_UILabel.swift in Sources */,
				AEF7DF512393315200C1BFF1 /* User.swift in Sources */,
				AE22F0EB2378D7D7008256B4 /* X_UIViewController.swift in Sources */,
				AEF7DF0F238CC40900C1BFF1 /* X_UIView.swift in Sources */,
				AEF7DF03238CC35700C1BFF1 /* TabBar_VC.swift in Sources */,
			);
			runOnlyForDeploymentPostprocessing = 0;
		};
/* End PBXSourcesBuildPhase section */

/* Begin PBXVariantGroup section */
		AE3814A4237269F9001F9A73 /* LaunchScreen.storyboard */ = {
			isa = PBXVariantGroup;
			children = (
				AE3814A5237269F9001F9A73 /* Base */,
			);
			name = LaunchScreen.storyboard;
			sourceTree = "<group>";
		};
/* End PBXVariantGroup section */

/* Begin XCBuildConfiguration section */
		AE3814A8237269F9001F9A73 /* Debug */ = {
			isa = XCBuildConfiguration;
			buildSettings = {
				ALWAYS_SEARCH_USER_PATHS = NO;
				CLANG_ANALYZER_NONNULL = YES;
				CLANG_ANALYZER_NUMBER_OBJECT_CONVERSION = YES_AGGRESSIVE;
				CLANG_CXX_LANGUAGE_STANDARD = "gnu++14";
				CLANG_CXX_LIBRARY = "libc++";
				CLANG_ENABLE_MODULES = YES;
				CLANG_ENABLE_OBJC_ARC = YES;
				CLANG_ENABLE_OBJC_WEAK = YES;
				CLANG_WARN_BLOCK_CAPTURE_AUTORELEASING = YES;
				CLANG_WARN_BOOL_CONVERSION = YES;
				CLANG_WARN_COMMA = YES;
				CLANG_WARN_CONSTANT_CONVERSION = YES;
				CLANG_WARN_DEPRECATED_OBJC_IMPLEMENTATIONS = YES;
				CLANG_WARN_DIRECT_OBJC_ISA_USAGE = YES_ERROR;
				CLANG_WARN_DOCUMENTATION_COMMENTS = YES;
				CLANG_WARN_EMPTY_BODY = YES;
				CLANG_WARN_ENUM_CONVERSION = YES;
				CLANG_WARN_INFINITE_RECURSION = YES;
				CLANG_WARN_INT_CONVERSION = YES;
				CLANG_WARN_NON_LITERAL_NULL_CONVERSION = YES;
				CLANG_WARN_OBJC_IMPLICIT_RETAIN_SELF = YES;
				CLANG_WARN_OBJC_LITERAL_CONVERSION = YES;
				CLANG_WARN_OBJC_ROOT_CLASS = YES_ERROR;
				CLANG_WARN_RANGE_LOOP_ANALYSIS = YES;
				CLANG_WARN_STRICT_PROTOTYPES = YES;
				CLANG_WARN_SUSPICIOUS_MOVE = YES;
				CLANG_WARN_UNGUARDED_AVAILABILITY = YES_AGGRESSIVE;
				CLANG_WARN_UNREACHABLE_CODE = YES;
				CLANG_WARN__DUPLICATE_METHOD_MATCH = YES;
				COPY_PHASE_STRIP = NO;
				DEBUG_INFORMATION_FORMAT = dwarf;
				ENABLE_STRICT_OBJC_MSGSEND = YES;
				ENABLE_TESTABILITY = YES;
				GCC_C_LANGUAGE_STANDARD = gnu11;
				GCC_DYNAMIC_NO_PIC = NO;
				GCC_NO_COMMON_BLOCKS = YES;
				GCC_OPTIMIZATION_LEVEL = 0;
				GCC_PREPROCESSOR_DEFINITIONS = (
					"DEBUG=1",
					"$(inherited)",
				);
				GCC_WARN_64_TO_32_BIT_CONVERSION = YES;
				GCC_WARN_ABOUT_RETURN_TYPE = YES_ERROR;
				GCC_WARN_UNDECLARED_SELECTOR = YES;
				GCC_WARN_UNINITIALIZED_AUTOS = YES_AGGRESSIVE;
				GCC_WARN_UNUSED_FUNCTION = YES;
				GCC_WARN_UNUSED_VARIABLE = YES;
				IPHONEOS_DEPLOYMENT_TARGET = 13.2;
				MTL_ENABLE_DEBUG_INFO = INCLUDE_SOURCE;
				MTL_FAST_MATH = YES;
				ONLY_ACTIVE_ARCH = YES;
				SDKROOT = iphoneos;
				SWIFT_ACTIVE_COMPILATION_CONDITIONS = DEBUG;
				SWIFT_OPTIMIZATION_LEVEL = "-Onone";
			};
			name = Debug;
		};
		AE3814A9237269F9001F9A73 /* Release */ = {
			isa = XCBuildConfiguration;
			buildSettings = {
				ALWAYS_SEARCH_USER_PATHS = NO;
				CLANG_ANALYZER_NONNULL = YES;
				CLANG_ANALYZER_NUMBER_OBJECT_CONVERSION = YES_AGGRESSIVE;
				CLANG_CXX_LANGUAGE_STANDARD = "gnu++14";
				CLANG_CXX_LIBRARY = "libc++";
				CLANG_ENABLE_MODULES = YES;
				CLANG_ENABLE_OBJC_ARC = YES;
				CLANG_ENABLE_OBJC_WEAK = YES;
				CLANG_WARN_BLOCK_CAPTURE_AUTORELEASING = YES;
				CLANG_WARN_BOOL_CONVERSION = YES;
				CLANG_WARN_COMMA = YES;
				CLANG_WARN_CONSTANT_CONVERSION = YES;
				CLANG_WARN_DEPRECATED_OBJC_IMPLEMENTATIONS = YES;
				CLANG_WARN_DIRECT_OBJC_ISA_USAGE = YES_ERROR;
				CLANG_WARN_DOCUMENTATION_COMMENTS = YES;
				CLANG_WARN_EMPTY_BODY = YES;
				CLANG_WARN_ENUM_CONVERSION = YES;
				CLANG_WARN_INFINITE_RECURSION = YES;
				CLANG_WARN_INT_CONVERSION = YES;
				CLANG_WARN_NON_LITERAL_NULL_CONVERSION = YES;
				CLANG_WARN_OBJC_IMPLICIT_RETAIN_SELF = YES;
				CLANG_WARN_OBJC_LITERAL_CONVERSION = YES;
				CLANG_WARN_OBJC_ROOT_CLASS = YES_ERROR;
				CLANG_WARN_RANGE_LOOP_ANALYSIS = YES;
				CLANG_WARN_STRICT_PROTOTYPES = YES;
				CLANG_WARN_SUSPICIOUS_MOVE = YES;
				CLANG_WARN_UNGUARDED_AVAILABILITY = YES_AGGRESSIVE;
				CLANG_WARN_UNREACHABLE_CODE = YES;
				CLANG_WARN__DUPLICATE_METHOD_MATCH = YES;
				COPY_PHASE_STRIP = NO;
				DEBUG_INFORMATION_FORMAT = "dwarf-with-dsym";
				ENABLE_NS_ASSERTIONS = NO;
				ENABLE_STRICT_OBJC_MSGSEND = YES;
				GCC_C_LANGUAGE_STANDARD = gnu11;
				GCC_NO_COMMON_BLOCKS = YES;
				GCC_WARN_64_TO_32_BIT_CONVERSION = YES;
				GCC_WARN_ABOUT_RETURN_TYPE = YES_ERROR;
				GCC_WARN_UNDECLARED_SELECTOR = YES;
				GCC_WARN_UNINITIALIZED_AUTOS = YES_AGGRESSIVE;
				GCC_WARN_UNUSED_FUNCTION = YES;
				GCC_WARN_UNUSED_VARIABLE = YES;
				IPHONEOS_DEPLOYMENT_TARGET = 13.2;
				MTL_ENABLE_DEBUG_INFO = NO;
				MTL_FAST_MATH = YES;
				SDKROOT = iphoneos;
				SWIFT_COMPILATION_MODE = wholemodule;
				SWIFT_OPTIMIZATION_LEVEL = "-O";
				VALIDATE_PRODUCT = YES;
			};
			name = Release;
		};
		AE3814AB237269F9001F9A73 /* Debug */ = {
			isa = XCBuildConfiguration;
			baseConfigurationReference = B24AF53C344CB3394E946627 /* Pods-MoonCat.debug.xcconfig */;
			buildSettings = {
				ASSETCATALOG_COMPILER_APPICON_NAME = AppIcon;
				CODE_SIGN_STYLE = Automatic;
				CURRENT_PROJECT_VERSION = 2;
				DEVELOPMENT_TEAM = V4K3N39LSQ;
				INFOPLIST_FILE = MoonCat/Info.plist;
				IPHONEOS_DEPLOYMENT_TARGET = 11.0;
				LD_RUNPATH_SEARCH_PATHS = (
					"$(inherited)",
					"@executable_path/Frameworks",
				);
				PRODUCT_BUNDLE_IDENTIFIER = com.bolusaur.MoonCat;
				PRODUCT_NAME = "$(TARGET_NAME)";
				SWIFT_VERSION = 5.0;
				TARGETED_DEVICE_FAMILY = 1;
			};
			name = Debug;
		};
		AE3814AC237269F9001F9A73 /* Release */ = {
			isa = XCBuildConfiguration;
			baseConfigurationReference = 7246F606AF6640AB0E16373B /* Pods-MoonCat.release.xcconfig */;
			buildSettings = {
				ASSETCATALOG_COMPILER_APPICON_NAME = AppIcon;
				CODE_SIGN_STYLE = Automatic;
				CURRENT_PROJECT_VERSION = 2;
				DEVELOPMENT_TEAM = V4K3N39LSQ;
				INFOPLIST_FILE = MoonCat/Info.plist;
				IPHONEOS_DEPLOYMENT_TARGET = 11.0;
				LD_RUNPATH_SEARCH_PATHS = (
					"$(inherited)",
					"@executable_path/Frameworks",
				);
				PRODUCT_BUNDLE_IDENTIFIER = com.bolusaur.MoonCat;
				PRODUCT_NAME = "$(TARGET_NAME)";
				SWIFT_VERSION = 5.0;
				TARGETED_DEVICE_FAMILY = 1;
			};
			name = Release;
		};
/* End XCBuildConfiguration section */

/* Begin XCConfigurationList section */
		AE381491237269F7001F9A73 /* Build configuration list for PBXProject "MoonCat" */ = {
			isa = XCConfigurationList;
			buildConfigurations = (
				AE3814A8237269F9001F9A73 /* Debug */,
				AE3814A9237269F9001F9A73 /* Release */,
			);
			defaultConfigurationIsVisible = 0;
			defaultConfigurationName = Release;
		};
		AE3814AA237269F9001F9A73 /* Build configuration list for PBXNativeTarget "MoonCat" */ = {
			isa = XCConfigurationList;
			buildConfigurations = (
				AE3814AB237269F9001F9A73 /* Debug */,
				AE3814AC237269F9001F9A73 /* Release */,
			);
			defaultConfigurationIsVisible = 0;
			defaultConfigurationName = Release;
		};
/* End XCConfigurationList section */
	};
	rootObject = AE38148E237269F7001F9A73 /* Project object */;
}
