// !$*UTF8*$!
{
	archiveVersion = 1;
	classes = {
	};
	objectVersion = 50;
	objects = {

/* Begin PBXBuildFile section */
		AE38149E237269F7001F9A73 /* Root_VC.swift in Sources */ = {isa = PBXBuildFile; fileRef = AE38149D237269F7001F9A73 /* Root_VC.swift */; };
		AE3814A3237269F9001F9A73 /* Assets.xcassets in Resources */ = {isa = PBXBuildFile; fileRef = AE3814A2237269F9001F9A73 /* Assets.xcassets */; };
		AE3814A6237269F9001F9A73 /* LaunchScreen.storyboard in Resources */ = {isa = PBXBuildFile; fileRef = AE3814A4237269F9001F9A73 /* LaunchScreen.storyboard */; };
		AE6F993523726A6A00533DC2 /* AppDelegate.swift in Sources */ = {isa = PBXBuildFile; fileRef = AE6F993423726A6A00533DC2 /* AppDelegate.swift */; };
		AE6F99372372C69000533DC2 /* GitWorkflow.md in Resources */ = {isa = PBXBuildFile; fileRef = AE6F99362372C69000533DC2 /* GitWorkflow.md */; };
		AE6F99392372D23900533DC2 /* StyleGuide.md in Resources */ = {isa = PBXBuildFile; fileRef = AE6F99382372D23800533DC2 /* StyleGuide.md */; };
		AE6F993B2372DAE000533DC2 /* README.md in Resources */ = {isa = PBXBuildFile; fileRef = AE6F993A2372DAE000533DC2 /* README.md */; };
/* End PBXBuildFile section */

/* Begin PBXFileReference section */
		AE381496237269F7001F9A73 /* MoonCat.app */ = {isa = PBXFileReference; explicitFileType = wrapper.application; includeInIndex = 0; path = MoonCat.app; sourceTree = BUILT_PRODUCTS_DIR; };
		AE38149D237269F7001F9A73 /* Root_VC.swift */ = {isa = PBXFileReference; lastKnownFileType = sourcecode.swift; path = Root_VC.swift; sourceTree = "<group>"; };
		AE3814A2237269F9001F9A73 /* Assets.xcassets */ = {isa = PBXFileReference; lastKnownFileType = folder.assetcatalog; path = Assets.xcassets; sourceTree = "<group>"; };
		AE3814A5237269F9001F9A73 /* Base */ = {isa = PBXFileReference; lastKnownFileType = file.storyboard; name = Base; path = Base.lproj/LaunchScreen.storyboard; sourceTree = "<group>"; };
		AE3814A7237269F9001F9A73 /* Info.plist */ = {isa = PBXFileReference; lastKnownFileType = text.plist.xml; path = Info.plist; sourceTree = "<group>"; };
		AE6F993423726A6A00533DC2 /* AppDelegate.swift */ = {isa = PBXFileReference; fileEncoding = 4; lastKnownFileType = sourcecode.swift; path = AppDelegate.swift; sourceTree = "<group>"; };
		AE6F99362372C69000533DC2 /* GitWorkflow.md */ = {isa = PBXFileReference; fileEncoding = 4; lastKnownFileType = net.daringfireball.markdown; path = GitWorkflow.md; sourceTree = "<group>"; };
		AE6F99382372D23800533DC2 /* StyleGuide.md */ = {isa = PBXFileReference; fileEncoding = 4; lastKnownFileType = net.daringfireball.markdown; path = StyleGuide.md; sourceTree = "<group>"; };
		AE6F993A2372DAE000533DC2 /* README.md */ = {isa = PBXFileReference; fileEncoding = 4; lastKnownFileType = net.daringfireball.markdown; path = README.md; sourceTree = "<group>"; };
/* End PBXFileReference section */

/* Begin PBXFrameworksBuildPhase section */
		AE381493237269F7001F9A73 /* Frameworks */ = {
			isa = PBXFrameworksBuildPhase;
			buildActionMask = 2147483647;
			files = (
			);
			runOnlyForDeploymentPostprocessing = 0;
		};
/* End PBXFrameworksBuildPhase section */

/* Begin PBXGroup section */
		AE38148D237269F7001F9A73 = {
			isa = PBXGroup;
			children = (
				AE381498237269F7001F9A73 /* MoonCat */,
				AE6F99362372C69000533DC2 /* GitWorkflow.md */,
				AE6F99382372D23800533DC2 /* StyleGuide.md */,
				AE6F993A2372DAE000533DC2 /* README.md */,
				AE381497237269F7001F9A73 /* Products */,
			);
			sourceTree = "<group>";
		};
		AE381497237269F7001F9A73 /* Products */ = {
			isa = PBXGroup;
			children = (
				AE381496237269F7001F9A73 /* MoonCat.app */,
			);
			name = Products;
			sourceTree = "<group>";
		};
		AE381498237269F7001F9A73 /* MoonCat */ = {
			isa = PBXGroup;
			children = (
				AE6F993423726A6A00533DC2 /* AppDelegate.swift */,
				AE38149D237269F7001F9A73 /* Root_VC.swift */,
				AE3814A2237269F9001F9A73 /* Assets.xcassets */,
				AE3814A4237269F9001F9A73 /* LaunchScreen.storyboard */,
				AE3814A7237269F9001F9A73 /* Info.plist */,
			);
			path = MoonCat;
			sourceTree = "<group>";
		};
/* End PBXGroup section */

/* Begin PBXNativeTarget section */
		AE381495237269F7001F9A73 /* MoonCat */ = {
			isa = PBXNativeTarget;
			buildConfigurationList = AE3814AA237269F9001F9A73 /* Build configuration list for PBXNativeTarget "MoonCat" */;
			buildPhases = (
				AE381492237269F7001F9A73 /* Sources */,
				AE381493237269F7001F9A73 /* Frameworks */,
				AE381494237269F7001F9A73 /* Resources */,
			);
			buildRules = (
			);
			dependencies = (
			);
			name = MoonCat;
			productName = MoonCat;
			productReference = AE381496237269F7001F9A73 /* MoonCat.app */;
			productType = "com.apple.product-type.application";
		};
/* End PBXNativeTarget section */

/* Begin PBXProject section */
		AE38148E237269F7001F9A73 /* Project object */ = {
			isa = PBXProject;
			attributes = {
				LastSwiftUpdateCheck = 1120;
				LastUpgradeCheck = 1120;
				ORGANIZATIONNAME = Bolusaur;
				TargetAttributes = {
					AE381495237269F7001F9A73 = {
						CreatedOnToolsVersion = 11.2;
					};
				};
			};
			buildConfigurationList = AE381491237269F7001F9A73 /* Build configuration list for PBXProject "MoonCat" */;
			compatibilityVersion = "Xcode 9.3";
			developmentRegion = en;
			hasScannedForEncodings = 0;
			knownRegions = (
				en,
				Base,
			);
			mainGroup = AE38148D237269F7001F9A73;
			productRefGroup = AE381497237269F7001F9A73 /* Products */;
			projectDirPath = "";
			projectRoot = "";
			targets = (
				AE381495237269F7001F9A73 /* MoonCat */,
			);
		};
/* End PBXProject section */

/* Begin PBXResourcesBuildPhase section */
		AE381494237269F7001F9A73 /* Resources */ = {
			isa = PBXResourcesBuildPhase;
			buildActionMask = 2147483647;
			files = (
				AE6F99372372C69000533DC2 /* GitWorkflow.md in Resources */,
				AE3814A6237269F9001F9A73 /* LaunchScreen.storyboard in Resources */,
				AE6F993B2372DAE000533DC2 /* README.md in Resources */,
				AE3814A3237269F9001F9A73 /* Assets.xcassets in Resources */,
				AE6F99392372D23900533DC2 /* StyleGuide.md in Resources */,
			);
			runOnlyForDeploymentPostprocessing = 0;
		};
/* End PBXResourcesBuildPhase section */

/* Begin PBXSourcesBuildPhase section */
		AE381492237269F7001F9A73 /* Sources */ = {
			isa = PBXSourcesBuildPhase;
			buildActionMask = 2147483647;
			files = (
				AE6F993523726A6A00533DC2 /* AppDelegate.swift in Sources */,
				AE38149E237269F7001F9A73 /* Root_VC.swift in Sources */,
			);
			runOnlyForDeploymentPostprocessing = 0;
		};
/* End PBXSourcesBuildPhase section */

/* Begin PBXVariantGroup section */
		AE3814A4237269F9001F9A73 /* LaunchScreen.storyboard */ = {
			isa = PBXVariantGroup;
			children = (
				AE3814A5237269F9001F9A73 /* Base */,
			);
			name = LaunchScreen.storyboard;
			sourceTree = "<group>";
		};
/* End PBXVariantGroup section */

/* Begin XCBuildConfiguration section */
		AE3814A8237269F9001F9A73 /* Debug */ = {
			isa = XCBuildConfiguration;
			buildSettings = {
				ALWAYS_SEARCH_USER_PATHS = NO;
				CLANG_ANALYZER_NONNULL = YES;
				CLANG_ANALYZER_NUMBER_OBJECT_CONVERSION = YES_AGGRESSIVE;
				CLANG_CXX_LANGUAGE_STANDARD = "gnu++14";
				CLANG_CXX_LIBRARY = "libc++";
				CLANG_ENABLE_MODULES = YES;
				CLANG_ENABLE_OBJC_ARC = YES;
				CLANG_ENABLE_OBJC_WEAK = YES;
				CLANG_WARN_BLOCK_CAPTURE_AUTORELEASING = YES;
				CLANG_WARN_BOOL_CONVERSION = YES;
				CLANG_WARN_COMMA = YES;
				CLANG_WARN_CONSTANT_CONVERSION = YES;
				CLANG_WARN_DEPRECATED_OBJC_IMPLEMENTATIONS = YES;
				CLANG_WARN_DIRECT_OBJC_ISA_USAGE = YES_ERROR;
				CLANG_WARN_DOCUMENTATION_COMMENTS = YES;
				CLANG_WARN_EMPTY_BODY = YES;
				CLANG_WARN_ENUM_CONVERSION = YES;
				CLANG_WARN_INFINITE_RECURSION = YES;
				CLANG_WARN_INT_CONVERSION = YES;
				CLANG_WARN_NON_LITERAL_NULL_CONVERSION = YES;
				CLANG_WARN_OBJC_IMPLICIT_RETAIN_SELF = YES;
				CLANG_WARN_OBJC_LITERAL_CONVERSION = YES;
				CLANG_WARN_OBJC_ROOT_CLASS = YES_ERROR;
				CLANG_WARN_RANGE_LOOP_ANALYSIS = YES;
				CLANG_WARN_STRICT_PROTOTYPES = YES;
				CLANG_WARN_SUSPICIOUS_MOVE = YES;
				CLANG_WARN_UNGUARDED_AVAILABILITY = YES_AGGRESSIVE;
				CLANG_WARN_UNREACHABLE_CODE = YES;
				CLANG_WARN__DUPLICATE_METHOD_MATCH = YES;
				COPY_PHASE_STRIP = NO;
				DEBUG_INFORMATION_FORMAT = dwarf;
				ENABLE_STRICT_OBJC_MSGSEND = YES;
				ENABLE_TESTABILITY = YES;
				GCC_C_LANGUAGE_STANDARD = gnu11;
				GCC_DYNAMIC_NO_PIC = NO;
				GCC_NO_COMMON_BLOCKS = YES;
				GCC_OPTIMIZATION_LEVEL = 0;
				GCC_PREPROCESSOR_DEFINITIONS = (
					"DEBUG=1",
					"$(inherited)",
				);
				GCC_WARN_64_TO_32_BIT_CONVERSION = YES;
				GCC_WARN_ABOUT_RETURN_TYPE = YES_ERROR;
				GCC_WARN_UNDECLARED_SELECTOR = YES;
				GCC_WARN_UNINITIALIZED_AUTOS = YES_AGGRESSIVE;
				GCC_WARN_UNUSED_FUNCTION = YES;
				GCC_WARN_UNUSED_VARIABLE = YES;
				IPHONEOS_DEPLOYMENT_TARGET = 13.2;
				MTL_ENABLE_DEBUG_INFO = INCLUDE_SOURCE;
				MTL_FAST_MATH = YES;
				ONLY_ACTIVE_ARCH = YES;
				SDKROOT = iphoneos;
				SWIFT_ACTIVE_COMPILATION_CONDITIONS = DEBUG;
				SWIFT_OPTIMIZATION_LEVEL = "-Onone";
			};
			name = Debug;
		};
		AE3814A9237269F9001F9A73 /* Release */ = {
			isa = XCBuildConfiguration;
			buildSettings = {
				ALWAYS_SEARCH_USER_PATHS = NO;
				CLANG_ANALYZER_NONNULL = YES;
				CLANG_ANALYZER_NUMBER_OBJECT_CONVERSION = YES_AGGRESSIVE;
				CLANG_CXX_LANGUAGE_STANDARD = "gnu++14";
				CLANG_CXX_LIBRARY = "libc++";
				CLANG_ENABLE_MODULES = YES;
				CLANG_ENABLE_OBJC_ARC = YES;
				CLANG_ENABLE_OBJC_WEAK = YES;
				CLANG_WARN_BLOCK_CAPTURE_AUTORELEASING = YES;
				CLANG_WARN_BOOL_CONVERSION = YES;
				CLANG_WARN_COMMA = YES;
				CLANG_WARN_CONSTANT_CONVERSION = YES;
				CLANG_WARN_DEPRECATED_OBJC_IMPLEMENTATIONS = YES;
				CLANG_WARN_DIRECT_OBJC_ISA_USAGE = YES_ERROR;
				CLANG_WARN_DOCUMENTATION_COMMENTS = YES;
				CLANG_WARN_EMPTY_BODY = YES;
				CLANG_WARN_ENUM_CONVERSION = YES;
				CLANG_WARN_INFINITE_RECURSION = YES;
				CLANG_WARN_INT_CONVERSION = YES;
				CLANG_WARN_NON_LITERAL_NULL_CONVERSION = YES;
				CLANG_WARN_OBJC_IMPLICIT_RETAIN_SELF = YES;
				CLANG_WARN_OBJC_LITERAL_CONVERSION = YES;
				CLANG_WARN_OBJC_ROOT_CLASS = YES_ERROR;
				CLANG_WARN_RANGE_LOOP_ANALYSIS = YES;
				CLANG_WARN_STRICT_PROTOTYPES = YES;
				CLANG_WARN_SUSPICIOUS_MOVE = YES;
				CLANG_WARN_UNGUARDED_AVAILABILITY = YES_AGGRESSIVE;
				CLANG_WARN_UNREACHABLE_CODE = YES;
				CLANG_WARN__DUPLICATE_METHOD_MATCH = YES;
				COPY_PHASE_STRIP = NO;
				DEBUG_INFORMATION_FORMAT = "dwarf-with-dsym";
				ENABLE_NS_ASSERTIONS = NO;
				ENABLE_STRICT_OBJC_MSGSEND = YES;
				GCC_C_LANGUAGE_STANDARD = gnu11;
				GCC_NO_COMMON_BLOCKS = YES;
				GCC_WARN_64_TO_32_BIT_CONVERSION = YES;
				GCC_WARN_ABOUT_RETURN_TYPE = YES_ERROR;
				GCC_WARN_UNDECLARED_SELECTOR = YES;
				GCC_WARN_UNINITIALIZED_AUTOS = YES_AGGRESSIVE;
				GCC_WARN_UNUSED_FUNCTION = YES;
				GCC_WARN_UNUSED_VARIABLE = YES;
				IPHONEOS_DEPLOYMENT_TARGET = 13.2;
				MTL_ENABLE_DEBUG_INFO = NO;
				MTL_FAST_MATH = YES;
				SDKROOT = iphoneos;
				SWIFT_COMPILATION_MODE = wholemodule;
				SWIFT_OPTIMIZATION_LEVEL = "-O";
				VALIDATE_PRODUCT = YES;
			};
			name = Release;
		};
		AE3814AB237269F9001F9A73 /* Debug */ = {
			isa = XCBuildConfiguration;
			buildSettings = {
				ASSETCATALOG_COMPILER_APPICON_NAME = AppIcon;
				CODE_SIGN_STYLE = Automatic;
				DEVELOPMENT_TEAM = V4K3N39LSQ;
				INFOPLIST_FILE = MoonCat/Info.plist;
				IPHONEOS_DEPLOYMENT_TARGET = 11.0;
				LD_RUNPATH_SEARCH_PATHS = (
					"$(inherited)",
					"@executable_path/Frameworks",
				);
				PRODUCT_BUNDLE_IDENTIFIER = com.bolusaur.MoonCat;
				PRODUCT_NAME = "$(TARGET_NAME)";
				SWIFT_VERSION = 5.0;
				TARGETED_DEVICE_FAMILY = 1;
			};
			name = Debug;
		};
		AE3814AC237269F9001F9A73 /* Release */ = {
			isa = XCBuildConfiguration;
			buildSettings = {
				ASSETCATALOG_COMPILER_APPICON_NAME = AppIcon;
				CODE_SIGN_STYLE = Automatic;
				DEVELOPMENT_TEAM = V4K3N39LSQ;
				INFOPLIST_FILE = MoonCat/Info.plist;
				IPHONEOS_DEPLOYMENT_TARGET = 11.0;
				LD_RUNPATH_SEARCH_PATHS = (
					"$(inherited)",
					"@executable_path/Frameworks",
				);
				PRODUCT_BUNDLE_IDENTIFIER = com.bolusaur.MoonCat;
				PRODUCT_NAME = "$(TARGET_NAME)";
				SWIFT_VERSION = 5.0;
				TARGETED_DEVICE_FAMILY = 1;
			};
			name = Release;
		};
/* End XCBuildConfiguration section */

/* Begin XCConfigurationList section */
		AE381491237269F7001F9A73 /* Build configuration list for PBXProject "MoonCat" */ = {
			isa = XCConfigurationList;
			buildConfigurations = (
				AE3814A8237269F9001F9A73 /* Debug */,
				AE3814A9237269F9001F9A73 /* Release */,
			);
			defaultConfigurationIsVisible = 0;
			defaultConfigurationName = Release;
		};
		AE3814AA237269F9001F9A73 /* Build configuration list for PBXNativeTarget "MoonCat" */ = {
			isa = XCConfigurationList;
			buildConfigurations = (
				AE3814AB237269F9001F9A73 /* Debug */,
				AE3814AC237269F9001F9A73 /* Release */,
			);
			defaultConfigurationIsVisible = 0;
			defaultConfigurationName = Release;
		};
/* End XCConfigurationList section */
	};
	rootObject = AE38148E237269F7001F9A73 /* Project object */;
}
